FORGE
  remote: http://forge.puppetlabs.com
  specs:
    maestrodev/ant (1.0.4)
      maestrodev/wget (>= 0.0.1)
    maestrodev/git (1.0.0)
    maestrodev/jenkins (1.0.1)
    maestrodev/maven (1.0.0)
      maestrodev/wget (>= 0.0.1)
    maestrodev/rvm (1.0.0)
    maestrodev/sonar (1.0.0)
      maestrodev/maven (>= 0.0.2)
      maestrodev/wget (>= 0.0.1)
      puppetlabs/stdlib (>= 2.3.0)
    maestrodev/ssh_keygen (1.0.0)
    maestrodev/svn (1.0.0)
    maestrodev/wget (1.1.0)
    puppetlabs/apt (1.1.0)
      puppetlabs/stdlib (>= 2.2.1)
    puppetlabs/firewall (0.0.4)
    puppetlabs/java (0.2.0)
      puppetlabs/stdlib (>= 0.1.6)
    puppetlabs/mongodb (0.1.0)
      puppetlabs/apt (>= 0.0.2)
    puppetlabs/postgresql (2.0.1)
      puppetlabs/apt (>= 1.1.0, < 2.0.0)
      puppetlabs/firewall (>= 0.0.4)
      puppetlabs/stdlib (>= 3.2.0, < 4.0.0)
    puppetlabs/stdlib (3.2.0)

GIT
  remote: https://github.com/maestrodev/puppet-activemq.git
  ref: master
  sha: d93574aef7d06132cc591fdfe9935c1bf46fc9fa
  specs:
    activemq (1.1.0)
      maestrodev/wget (>= 1.0.0)

GIT
  remote: https://github.com/maestrodev/puppet-android.git
  ref: master
  sha: d260e7ad6c600c1532ee85f65c4e3491f0d7a971
  specs:
    maestrodev/android (1.0.1)
      maestrodev/wget (>= 0.0.1)

GIT
  remote: https://github.com/maestrodev/puppet-archiva.git
  ref: master
  sha: d78a51d36cd80a4e64c98ac94d3c001c00d3b716
  specs:
    maestrodev/archiva (1.1.0)
      maestrodev/wget (>= 1.0.0)

GIT
  remote: https://github.com/maestrodev/puppet-maestro.git
  ref: master
  sha: b10daf815e3be4d4c5d519253a808127f3c348c6
  specs:
    maestrodev/maestro (1.0.2)
      maestrodev/maven (>= 1.0.0)
      maestrodev/wget (>= 1.0.0)
      puppetlabs/postgresql (>= 2.0.1)
      puppetlabs/stdlib (>= 2.5.1)

GIT
  remote: https://github.com/maestrodev/puppet-maestro_demo.git
  ref: master
  sha: 7270a48a328a03def23c7297301742335f07ce51
  specs:
    maestrodev/maestro_demo (0.0.1)

GIT
  remote: https://github.com/maestrodev/puppet-maestro_nodes.git
  ref: master
  sha: cc90b26e711b23e3160fc50f32db7e3b93feaeb1
  specs:
    maestrodev/maestro_nodes (1.0.3)
      maestrodev/ant (>= 1.0.3)
      maestrodev/archiva (~> 1.0)
      maestrodev/git (~> 1.0)
      maestrodev/jenkins (~> 1.0)
      maestrodev/maestro (>= 1.0.0)
      maestrodev/maven (>= 0.0.2)
      maestrodev/rvm (~> 1.0)
      maestrodev/sonar (~> 1.0)
      maestrodev/ssh_keygen (~> 1.0)
      maestrodev/svn (~> 1.0)

GIT
  remote: https://github.com/maestrodev/puppet-ntp.git
  ref: master
  sha: be3959c07e14ed77025a0e55c6eec53b5afcb276
  specs:
    ntp (1.0.2)

GIT
  remote: https://github.com/maestrodev/puppet-statsd.git
  ref: master
  sha: 0c6e13151afbd40e5407fac5a22b249e7110c9aa
  specs:
    statsd (1.0.2)
      puppetlabs/nodejs (>= 0.2.0)

GIT
  remote: https://github.com/maestrodev/puppetlabs-nodejs.git
  ref: master
  sha: f32225dc76918d62efcfa1340d5b2658c70a5e59
  specs:
    puppetlabs/nodejs (0.2.0)
      maestrodev/wget (>= 0.0.0)
      puppetlabs/apt (>= 0.0.3)
      puppetlabs/stdlib (>= 2.0.0)

DEPENDENCIES
  activemq (>= 0)
  maestrodev/android (>= 0)
  maestrodev/ant (>= 1.0.4)
  maestrodev/archiva (>= 0)
  maestrodev/maestro (>= 0)
  maestrodev/maestro_demo (>= 0)
  maestrodev/maestro_nodes (>= 0)
  ntp (>= 0)
  puppetlabs/java (~> 0.2.0)
  puppetlabs/mongodb (>= 0)
  puppetlabs/nodejs (>= 0)
  puppetlabs/postgresql (= 2.0.1)
  statsd (>= 0)

