FORGE
  remote: http://forge.puppetlabs.com
  specs:
    maestrodev/activemq (1.2.0)
      maestrodev/wget (>= 1.0.0)
    maestrodev/android (1.1.0)
      maestrodev/wget (>= 1.0.0)
    maestrodev/ant (1.0.4)
      maestrodev/wget (>= 0.0.1)
    maestrodev/archiva (1.1.0)
      maestrodev/wget (>= 1.0.0)
    maestrodev/git (1.0.1)
    maestrodev/jenkins (1.0.1)
    maestrodev/maestro (1.2.12)
      maestrodev/maven (>= 1.0.0)
      maestrodev/wget (>= 1.0.0)
      puppetlabs/postgresql (= 2.0.1)
      puppetlabs/stdlib (>= 2.5.1)
    maestrodev/maestro_demo (1.0.5)
      maestrodev/android (>= 1.1.0)
      maestrodev/maestro (>= 1.2.0)
      puppetlabs/postgresql (= 2.0.1)
    maestrodev/maestro_nodes (1.2.9)
      maestrodev/activemq (>= 1.0.0)
      maestrodev/ant (>= 1.0.3)
      maestrodev/archiva (>= 1.0.0)
      maestrodev/git (>= 1.0.0)
      maestrodev/jenkins (>= 1.0.0)
      maestrodev/maestro (>= 1.1.0)
      maestrodev/maven (>= 0.0.2)
      maestrodev/rvm (>= 1.0.0)
      maestrodev/sonar (>= 1.0.0)
      maestrodev/ssh_keygen (>= 1.0.0)
      maestrodev/statsd (>= 0.0.0)
      maestrodev/svn (>= 1.0.0)
      puppetlabs/java (>= 0.3.0)
      puppetlabs/mongodb (>= 0.1.0)
      puppetlabs/ntp (>= 0.0.0)
      stahnma/epel (>= 0.0.0)
    maestrodev/maven (1.1.2)
      maestrodev/wget (>= 1.0.0)
    maestrodev/rvm (1.1.5)
    maestrodev/sonar (1.0.0)
      maestrodev/maven (>= 0.0.2)
      maestrodev/wget (>= 0.0.1)
      puppetlabs/stdlib (>= 2.3.0)
    maestrodev/ssh_keygen (1.0.0)
    maestrodev/statsd (1.0.3)
      puppetlabs/nodejs (>= 0.2.0)
    maestrodev/svn (1.1.0)
    maestrodev/wget (1.2.0)
    puppetlabs/apt (1.2.0)
      puppetlabs/stdlib (>= 2.2.1)
    puppetlabs/firewall (0.4.0)
    puppetlabs/java (0.3.0)
      puppetlabs/stdlib (>= 0.1.6)
    puppetlabs/mongodb (0.1.0)
      puppetlabs/apt (>= 0.0.2)
    puppetlabs/ntp (1.0.1)
      puppetlabs/stdlib (>= 0.1.6)
    puppetlabs/postgresql (2.0.1)
      puppetlabs/apt (< 2.0.0, >= 1.1.0)
      puppetlabs/firewall (>= 0.0.4)
      puppetlabs/stdlib (< 4.0.0, >= 3.2.0)
    puppetlabs/stdlib (3.2.0)
    stahnma/epel (0.0.5)

GIT
  remote: https://github.com/jfryman/puppet-nginx.git
  ref: e333b4
  sha: e333b4cca0c348e30af8fa5cebeeb76b61866d2f
  specs:
    nginx (0.0.1)
      puppetlabs/stdlib (>= 0.1.6)

GIT
  remote: https://github.com/puppetlabs/puppetlabs-nodejs.git
  ref: master
  sha: 6223d95ffd6e2955de5f86d26090cf9c430fb205
  specs:
    puppetlabs/nodejs (0.2.1)
      puppetlabs/apt (>= 0.0.3)
      puppetlabs/stdlib (>= 2.0.0)

DEPENDENCIES
  maestrodev/maestro_demo (>= 0)
  maestrodev/maestro_nodes (>= 1.2.5)
  nginx (>= 0)
  puppetlabs/nodejs (>= 0)

